
Microsoft Visual Studio Solution File, Format Version 12.00
# Visual Studio Version 17
VisualStudioVersion = 17.14.36401.2 d17.14
MinimumVisualStudioVersion = 10.0.40219.1
Project("{FAE04EC0-301F-11D3-BF4B-00C04F79EFBC}") = "Demo.PresentationLayer", "Demo.PresentationLayer\Demo.PresentationLayer.csproj", "{C7C752C4-6DBB-45E4-9AAD-6F552200B300}"
EndProject
Project("{FAE04EC0-301F-11D3-BF4B-00C04F79EFBC}") = "Demo.BusnissLogic", "Demo.BusnissLogic\Demo.BusnissLogic.csproj", "{DCB2774F-7F10-4C39-B1E5-976ED1D9EFFA}"
EndProject
Project("{FAE04EC0-301F-11D3-BF4B-00C04F79EFBC}") = "Demo.DataAccess", "Demo.DataAccess\Demo.DataAccess.csproj", "{99517619-FD4A-43A0-9D1C-2EACC3998D31}"
EndProject
Global
	GlobalSection(SolutionConfigurationPlatforms) = preSolution
		Debug|Any CPU = Debug|Any CPU
		Release|Any CPU = Release|Any CPU
	EndGlobalSection
	GlobalSection(ProjectConfigurationPlatforms) = postSolution
		{C7C752C4-6DBB-45E4-9AAD-6F552200B300}.Debug|Any CPU.ActiveCfg = Debug|Any CPU
		{C7C752C4-6DBB-45E4-9AAD-6F552200B300}.Debug|Any CPU.Build.0 = Debug|Any CPU
		{C7C752C4-6DBB-45E4-9AAD-6F552200B300}.Release|Any CPU.ActiveCfg = Release|Any CPU
		{C7C752C4-6DBB-45E4-9AAD-6F552200B300}.Release|Any CPU.Build.0 = Release|Any CPU
		{DCB2774F-7F10-4C39-B1E5-976ED1D9EFFA}.Debug|Any CPU.ActiveCfg = Debug|Any CPU
		{DCB2774F-7F10-4C39-B1E5-976ED1D9EFFA}.Debug|Any CPU.Build.0 = Debug|Any CPU
		{DCB2774F-7F10-4C39-B1E5-976ED1D9EFFA}.Release|Any CPU.ActiveCfg = Release|Any CPU
		{DCB2774F-7F10-4C39-B1E5-976ED1D9EFFA}.Release|Any CPU.Build.0 = Release|Any CPU
		{99517619-FD4A-43A0-9D1C-2EACC3998D31}.Debug|Any CPU.ActiveCfg = Debug|Any CPU
		{99517619-FD4A-43A0-9D1C-2EACC3998D31}.Debug|Any CPU.Build.0 = Debug|Any CPU
		{99517619-FD4A-43A0-9D1C-2EACC3998D31}.Release|Any CPU.ActiveCfg = Release|Any CPU
		{99517619-FD4A-43A0-9D1C-2EACC3998D31}.Release|Any CPU.Build.0 = Release|Any CPU
	EndGlobalSection
	GlobalSection(SolutionProperties) = preSolution
		HideSolutionNode = FALSE
	EndGlobalSection
	GlobalSection(ExtensibilityGlobals) = postSolution
		SolutionGuid = {987A7296-BD9D-4BBE-9D2F-42CF1E4B3BEE}
	EndGlobalSection
EndGlobal
